
Microsoft Visual Studio Solution File, Format Version 12.00
# Visual Studio Version 16
VisualStudioVersion = 25.0.1704.2
MinimumVisualStudioVersion = 10.0.40219.1
Project("{FAE04EC0-301F-11D3-BF4B-00C04F79EFBC}") = "SimpleMenu", "SimpleMenu\SimpleMenu.csproj", "{865DCE92-0FA2-48EF-84EE-F822274058C8}"
EndProject
Global
	GlobalSection(SolutionConfigurationPlatforms) = preSolution
		Debug|Any CPU = Debug|Any CPU
		Release|Any CPU = Release|Any CPU
	EndGlobalSection
	GlobalSection(ProjectConfigurationPlatforms) = postSolution
		{865DCE92-0FA2-48EF-84EE-F822274058C8}.Debug|Any CPU.ActiveCfg = Debug|Any CPU
		{865DCE92-0FA2-48EF-84EE-F822274058C8}.Debug|Any CPU.Build.0 = Debug|Any CPU
		{865DCE92-0FA2-48EF-84EE-F822274058C8}.Release|Any CPU.ActiveCfg = Release|Any CPU
		{865DCE92-0FA2-48EF-84EE-F822274058C8}.Release|Any CPU.Build.0 = Release|Any CPU
	EndGlobalSection
	GlobalSection(SolutionProperties) = preSolution
		HideSolutionNode = FALSE
	EndGlobalSection
	GlobalSection(ExtensibilityGlobals) = postSolution
		SolutionGuid = {45F6BDFB-93A6-4AF4-86A8-47B50890441D}
	EndGlobalSection
EndGlobal
